// !$*UTF8*$!
{
	archiveVersion = 1;
	classes = {
	};
	objectVersion = 50;
	objects = {

/* Begin PBXBuildFile section */
		EF059DB221CE76160003F10C /* MainViewController.swift in Sources */ = {isa = PBXBuildFile; fileRef = EF059DB121CE76160003F10C /* MainViewController.swift */; };
		EF059DB421CE7F780003F10C /* StopViewControllerCell.swift in Sources */ = {isa = PBXBuildFile; fileRef = EF059DB321CE7F780003F10C /* StopViewControllerCell.swift */; };
		EF059DB621CE86260003F10C /* StopInfoCell.swift in Sources */ = {isa = PBXBuildFile; fileRef = EF059DB521CE86260003F10C /* StopInfoCell.swift */; };
		EFEAAB3E21CD7567002CA590 /* AppDelegate.swift in Sources */ = {isa = PBXBuildFile; fileRef = EFEAAB3D21CD7567002CA590 /* AppDelegate.swift */; };
		EFEAAB4021CD7567002CA590 /* StopViewController.swift in Sources */ = {isa = PBXBuildFile; fileRef = EFEAAB3F21CD7567002CA590 /* StopViewController.swift */; };
		EFEAAB4321CD7567002CA590 /* Main.storyboard in Resources */ = {isa = PBXBuildFile; fileRef = EFEAAB4121CD7567002CA590 /* Main.storyboard */; };
		EFEAAB4521CD7568002CA590 /* Assets.xcassets in Resources */ = {isa = PBXBuildFile; fileRef = EFEAAB4421CD7568002CA590 /* Assets.xcassets */; };
		EFEAAB4821CD7568002CA590 /* LaunchScreen.storyboard in Resources */ = {isa = PBXBuildFile; fileRef = EFEAAB4621CD7568002CA590 /* LaunchScreen.storyboard */; };
		EFEAAB5121CD7894002CA590 /* Apollo.framework in Frameworks */ = {isa = PBXBuildFile; fileRef = EFEAAB5021CD7894002CA590 /* Apollo.framework */; };
		EFEAAB5921CD7E7B002CA590 /* API.swift in Sources */ = {isa = PBXBuildFile; fileRef = EFEAAB5821CD7E7B002CA590 /* API.swift */; };
		EFEAAB5B21CD7E91002CA590 /* StopViewController.graphql in Resources */ = {isa = PBXBuildFile; fileRef = EFEAAB5A21CD7E91002CA590 /* StopViewController.graphql */; };
		EFEAAB5D21CD80D2002CA590 /* schema.json in Resources */ = {isa = PBXBuildFile; fileRef = EFEAAB5C21CD80D2002CA590 /* schema.json */; };
/* End PBXBuildFile section */

/* Begin PBXFileReference section */
		EF059DB121CE76160003F10C /* MainViewController.swift */ = {isa = PBXFileReference; lastKnownFileType = sourcecode.swift; path = MainViewController.swift; sourceTree = "<group>"; };
		EF059DB321CE7F780003F10C /* StopViewControllerCell.swift */ = {isa = PBXFileReference; lastKnownFileType = sourcecode.swift; path = StopViewControllerCell.swift; sourceTree = "<group>"; };
		EF059DB521CE86260003F10C /* StopInfoCell.swift */ = {isa = PBXFileReference; lastKnownFileType = sourcecode.swift; path = StopInfoCell.swift; sourceTree = "<group>"; };
		EFEAAB3A21CD7567002CA590 /* omatpysakit.app */ = {isa = PBXFileReference; explicitFileType = wrapper.application; includeInIndex = 0; path = omatpysakit.app; sourceTree = BUILT_PRODUCTS_DIR; };
		EFEAAB3D21CD7567002CA590 /* AppDelegate.swift */ = {isa = PBXFileReference; lastKnownFileType = sourcecode.swift; path = AppDelegate.swift; sourceTree = "<group>"; };
		EFEAAB3F21CD7567002CA590 /* StopViewController.swift */ = {isa = PBXFileReference; lastKnownFileType = sourcecode.swift; path = StopViewController.swift; sourceTree = "<group>"; };
		EFEAAB4221CD7567002CA590 /* Base */ = {isa = PBXFileReference; lastKnownFileType = file.storyboard; name = Base; path = Base.lproj/Main.storyboard; sourceTree = "<group>"; };
		EFEAAB4421CD7568002CA590 /* Assets.xcassets */ = {isa = PBXFileReference; lastKnownFileType = folder.assetcatalog; path = Assets.xcassets; sourceTree = "<group>"; };
		EFEAAB4721CD7568002CA590 /* Base */ = {isa = PBXFileReference; lastKnownFileType = file.storyboard; name = Base; path = Base.lproj/LaunchScreen.storyboard; sourceTree = "<group>"; };
		EFEAAB4921CD7568002CA590 /* Info.plist */ = {isa = PBXFileReference; lastKnownFileType = text.plist.xml; path = Info.plist; sourceTree = "<group>"; };
		EFEAAB5021CD7894002CA590 /* Apollo.framework */ = {isa = PBXFileReference; lastKnownFileType = wrapper.framework; name = Apollo.framework; path = Carthage/Build/iOS/Apollo.framework; sourceTree = SOURCE_ROOT; };
		EFEAAB5821CD7E7B002CA590 /* API.swift */ = {isa = PBXFileReference; fileEncoding = 4; lastKnownFileType = sourcecode.swift; path = API.swift; sourceTree = "<group>"; };
		EFEAAB5A21CD7E91002CA590 /* StopViewController.graphql */ = {isa = PBXFileReference; lastKnownFileType = text; path = StopViewController.graphql; sourceTree = "<group>"; };
		EFEAAB5C21CD80D2002CA590 /* schema.json */ = {isa = PBXFileReference; fileEncoding = 4; lastKnownFileType = text.json; path = schema.json; sourceTree = "<group>"; };
/* End PBXFileReference section */

/* Begin PBXFrameworksBuildPhase section */
		EFEAAB3721CD7567002CA590 /* Frameworks */ = {
			isa = PBXFrameworksBuildPhase;
			buildActionMask = 2147483647;
			files = (
				EFEAAB5121CD7894002CA590 /* Apollo.framework in Frameworks */,
			);
			runOnlyForDeploymentPostprocessing = 0;
		};
/* End PBXFrameworksBuildPhase section */

/* Begin PBXGroup section */
		EFEAAB3121CD7567002CA590 = {
			isa = PBXGroup;
			children = (
				EFEAAB4F21CD7882002CA590 /* Frameworks */,
				EFEAAB3C21CD7567002CA590 /* omatpysakit */,
				EFEAAB3B21CD7567002CA590 /* Products */,
			);
			sourceTree = "<group>";
		};
		EFEAAB3B21CD7567002CA590 /* Products */ = {
			isa = PBXGroup;
			children = (
				EFEAAB3A21CD7567002CA590 /* omatpysakit.app */,
			);
			name = Products;
			sourceTree = "<group>";
		};
		EFEAAB3C21CD7567002CA590 /* omatpysakit */ = {
			isa = PBXGroup;
			children = (
				EFEAAB5821CD7E7B002CA590 /* API.swift */,
				EFEAAB5C21CD80D2002CA590 /* schema.json */,
				EFEAAB3D21CD7567002CA590 /* AppDelegate.swift */,
				EFEAAB3F21CD7567002CA590 /* StopViewController.swift */,
				EFEAAB5A21CD7E91002CA590 /* StopViewController.graphql */,
				EFEAAB4121CD7567002CA590 /* Main.storyboard */,
				EFEAAB4421CD7568002CA590 /* Assets.xcassets */,
				EFEAAB4621CD7568002CA590 /* LaunchScreen.storyboard */,
				EFEAAB4921CD7568002CA590 /* Info.plist */,
				EF059DB121CE76160003F10C /* MainViewController.swift */,
				EF059DB321CE7F780003F10C /* StopViewControllerCell.swift */,
				EF059DB521CE86260003F10C /* StopInfoCell.swift */,
			);
			path = omatpysakit;
			sourceTree = "<group>";
		};
		EFEAAB4F21CD7882002CA590 /* Frameworks */ = {
			isa = PBXGroup;
			children = (
				EFEAAB5021CD7894002CA590 /* Apollo.framework */,
			);
			path = Frameworks;
			sourceTree = "<group>";
		};
/* End PBXGroup section */

/* Begin PBXNativeTarget section */
		EFEAAB3921CD7567002CA590 /* omatpysakit */ = {
			isa = PBXNativeTarget;
			buildConfigurationList = EFEAAB4C21CD7568002CA590 /* Build configuration list for PBXNativeTarget "omatpysakit" */;
			buildPhases = (
				EFEAAB5321CD78CA002CA590 /* Generate Apollo GraphQL API */,
				EFEAAB3621CD7567002CA590 /* Sources */,
				EFEAAB3721CD7567002CA590 /* Frameworks */,
				EFEAAB3821CD7567002CA590 /* Resources */,
				EFEAAB5221CD78A3002CA590 /* Frameworks */,
			);
			buildRules = (
			);
			dependencies = (
			);
			name = omatpysakit;
			productName = omatpysakit;
			productReference = EFEAAB3A21CD7567002CA590 /* omatpysakit.app */;
			productType = "com.apple.product-type.application";
		};
/* End PBXNativeTarget section */

/* Begin PBXProject section */
		EFEAAB3221CD7567002CA590 /* Project object */ = {
			isa = PBXProject;
			attributes = {
				LastSwiftUpdateCheck = 1010;
				LastUpgradeCheck = 1010;
				ORGANIZATIONNAME = "Essi Jukkala";
				TargetAttributes = {
					EFEAAB3921CD7567002CA590 = {
						CreatedOnToolsVersion = 10.1;
					};
				};
			};
			buildConfigurationList = EFEAAB3521CD7567002CA590 /* Build configuration list for PBXProject "omatpysakit" */;
			compatibilityVersion = "Xcode 9.3";
			developmentRegion = en;
			hasScannedForEncodings = 0;
			knownRegions = (
				en,
				Base,
			);
			mainGroup = EFEAAB3121CD7567002CA590;
			productRefGroup = EFEAAB3B21CD7567002CA590 /* Products */;
			projectDirPath = "";
			projectRoot = "";
			targets = (
				EFEAAB3921CD7567002CA590 /* omatpysakit */,
			);
		};
/* End PBXProject section */

/* Begin PBXResourcesBuildPhase section */
		EFEAAB3821CD7567002CA590 /* Resources */ = {
			isa = PBXResourcesBuildPhase;
			buildActionMask = 2147483647;
			files = (
				EFEAAB4821CD7568002CA590 /* LaunchScreen.storyboard in Resources */,
				EFEAAB4521CD7568002CA590 /* Assets.xcassets in Resources */,
				EFEAAB4321CD7567002CA590 /* Main.storyboard in Resources */,
				EFEAAB5D21CD80D2002CA590 /* schema.json in Resources */,
				EFEAAB5B21CD7E91002CA590 /* StopViewController.graphql in Resources */,
			);
			runOnlyForDeploymentPostprocessing = 0;
		};
/* End PBXResourcesBuildPhase section */

/* Begin PBXShellScriptBuildPhase section */
		EFEAAB5221CD78A3002CA590 /* Frameworks */ = {
			isa = PBXShellScriptBuildPhase;
			buildActionMask = 2147483647;
			files = (
			);
			inputFileListPaths = (
			);
			inputPaths = (
				"$(SRCROOT)/Carthage/Build/iOS/Apollo.framework",
			);
			name = Frameworks;
			outputFileListPaths = (
			);
			outputPaths = (
			);
			runOnlyForDeploymentPostprocessing = 0;
			shellPath = /bin/sh;
			shellScript = "/usr/local/bin/carthage copy-frameworks\n";
		};
		EFEAAB5321CD78CA002CA590 /* Generate Apollo GraphQL API */ = {
			isa = PBXShellScriptBuildPhase;
			buildActionMask = 2147483647;
			files = (
			);
			inputFileListPaths = (
			);
			inputPaths = (
			);
			name = "Generate Apollo GraphQL API";
			outputFileListPaths = (
			);
			outputPaths = (
			);
			runOnlyForDeploymentPostprocessing = 0;
			shellPath = /bin/sh;
			shellScript = "APOLLO_FRAMEWORK_PATH=\"$(eval find $FRAMEWORK_SEARCH_PATHS -name \"Apollo.framework\" -maxdepth 1)\"\n\nif [ -z \"$APOLLO_FRAMEWORK_PATH\" ]; then\necho \"error: Couldn't find Apollo.framework in FRAMEWORK_SEARCH_PATHS; make sure to add the framework to your project.\"\nexit 1\nfi\n\ncd \"${SRCROOT}/${TARGET_NAME}\"\n$APOLLO_FRAMEWORK_PATH/check-and-run-apollo-cli.sh codegen:generate --queries=\"$(find . -name '*.graphql')\" --schema=schema.json --passthroughCustomScalars API.swift\n";
		};
/* End PBXShellScriptBuildPhase section */

/* Begin PBXSourcesBuildPhase section */
		EFEAAB3621CD7567002CA590 /* Sources */ = {
			isa = PBXSourcesBuildPhase;
			buildActionMask = 2147483647;
			files = (
				EF059DB421CE7F780003F10C /* StopViewControllerCell.swift in Sources */,
				EFEAAB4021CD7567002CA590 /* StopViewController.swift in Sources */,
				EFEAAB5921CD7E7B002CA590 /* API.swift in Sources */,
				EF059DB621CE86260003F10C /* StopInfoCell.swift in Sources */,
				EFEAAB3E21CD7567002CA590 /* AppDelegate.swift in Sources */,
				EF059DB221CE76160003F10C /* MainViewController.swift in Sources */,
			);
			runOnlyForDeploymentPostprocessing = 0;
		};
/* End PBXSourcesBuildPhase section */

/* Begin PBXVariantGroup section */
		EFEAAB4121CD7567002CA590 /* Main.storyboard */ = {
			isa = PBXVariantGroup;
			children = (
				EFEAAB4221CD7567002CA590 /* Base */,
			);
			name = Main.storyboard;
			sourceTree = "<group>";
		};
		EFEAAB4621CD7568002CA590 /* LaunchScreen.storyboard */ = {
			isa = PBXVariantGroup;
			children = (
				EFEAAB4721CD7568002CA590 /* Base */,
			);
			name = LaunchScreen.storyboard;
			sourceTree = "<group>";
		};
/* End PBXVariantGroup section */

/* Begin XCBuildConfiguration section */
		EFEAAB4A21CD7568002CA590 /* Debug */ = {
			isa = XCBuildConfiguration;
			buildSettings = {
				ALWAYS_SEARCH_USER_PATHS = NO;
				CLANG_ANALYZER_NONNULL = YES;
				CLANG_ANALYZER_NUMBER_OBJECT_CONVERSION = YES_AGGRESSIVE;
				CLANG_CXX_LANGUAGE_STANDARD = "gnu++14";
				CLANG_CXX_LIBRARY = "libc++";
				CLANG_ENABLE_MODULES = YES;
				CLANG_ENABLE_OBJC_ARC = YES;
				CLANG_ENABLE_OBJC_WEAK = YES;
				CLANG_WARN_BLOCK_CAPTURE_AUTORELEASING = YES;
				CLANG_WARN_BOOL_CONVERSION = YES;
				CLANG_WARN_COMMA = YES;
				CLANG_WARN_CONSTANT_CONVERSION = YES;
				CLANG_WARN_DEPRECATED_OBJC_IMPLEMENTATIONS = YES;
				CLANG_WARN_DIRECT_OBJC_ISA_USAGE = YES_ERROR;
				CLANG_WARN_DOCUMENTATION_COMMENTS = YES;
				CLANG_WARN_EMPTY_BODY = YES;
				CLANG_WARN_ENUM_CONVERSION = YES;
				CLANG_WARN_INFINITE_RECURSION = YES;
				CLANG_WARN_INT_CONVERSION = YES;
				CLANG_WARN_NON_LITERAL_NULL_CONVERSION = YES;
				CLANG_WARN_OBJC_IMPLICIT_RETAIN_SELF = YES;
				CLANG_WARN_OBJC_LITERAL_CONVERSION = YES;
				CLANG_WARN_OBJC_ROOT_CLASS = YES_ERROR;
				CLANG_WARN_RANGE_LOOP_ANALYSIS = YES;
				CLANG_WARN_STRICT_PROTOTYPES = YES;
				CLANG_WARN_SUSPICIOUS_MOVE = YES;
				CLANG_WARN_UNGUARDED_AVAILABILITY = YES_AGGRESSIVE;
				CLANG_WARN_UNREACHABLE_CODE = YES;
				CLANG_WARN__DUPLICATE_METHOD_MATCH = YES;
				CODE_SIGN_IDENTITY = "iPhone Developer";
				COPY_PHASE_STRIP = NO;
				DEBUG_INFORMATION_FORMAT = dwarf;
				ENABLE_STRICT_OBJC_MSGSEND = YES;
				ENABLE_TESTABILITY = YES;
				GCC_C_LANGUAGE_STANDARD = gnu11;
				GCC_DYNAMIC_NO_PIC = NO;
				GCC_NO_COMMON_BLOCKS = YES;
				GCC_OPTIMIZATION_LEVEL = 0;
				GCC_PREPROCESSOR_DEFINITIONS = (
					"DEBUG=1",
					"$(inherited)",
				);
				GCC_WARN_64_TO_32_BIT_CONVERSION = YES;
				GCC_WARN_ABOUT_RETURN_TYPE = YES_ERROR;
				GCC_WARN_UNDECLARED_SELECTOR = YES;
				GCC_WARN_UNINITIALIZED_AUTOS = YES_AGGRESSIVE;
				GCC_WARN_UNUSED_FUNCTION = YES;
				GCC_WARN_UNUSED_VARIABLE = YES;
				IPHONEOS_DEPLOYMENT_TARGET = 12.1;
				MTL_ENABLE_DEBUG_INFO = INCLUDE_SOURCE;
				MTL_FAST_MATH = YES;
				ONLY_ACTIVE_ARCH = YES;
				SDKROOT = iphoneos;
				SWIFT_ACTIVE_COMPILATION_CONDITIONS = DEBUG;
				SWIFT_OPTIMIZATION_LEVEL = "-Onone";
			};
			name = Debug;
		};
		EFEAAB4B21CD7568002CA590 /* Release */ = {
			isa = XCBuildConfiguration;
			buildSettings = {
				ALWAYS_SEARCH_USER_PATHS = NO;
				CLANG_ANALYZER_NONNULL = YES;
				CLANG_ANALYZER_NUMBER_OBJECT_CONVERSION = YES_AGGRESSIVE;
				CLANG_CXX_LANGUAGE_STANDARD = "gnu++14";
				CLANG_CXX_LIBRARY = "libc++";
				CLANG_ENABLE_MODULES = YES;
				CLANG_ENABLE_OBJC_ARC = YES;
				CLANG_ENABLE_OBJC_WEAK = YES;
				CLANG_WARN_BLOCK_CAPTURE_AUTORELEASING = YES;
				CLANG_WARN_BOOL_CONVERSION = YES;
				CLANG_WARN_COMMA = YES;
				CLANG_WARN_CONSTANT_CONVERSION = YES;
				CLANG_WARN_DEPRECATED_OBJC_IMPLEMENTATIONS = YES;
				CLANG_WARN_DIRECT_OBJC_ISA_USAGE = YES_ERROR;
				CLANG_WARN_DOCUMENTATION_COMMENTS = YES;
				CLANG_WARN_EMPTY_BODY = YES;
				CLANG_WARN_ENUM_CONVERSION = YES;
				CLANG_WARN_INFINITE_RECURSION = YES;
				CLANG_WARN_INT_CONVERSION = YES;
				CLANG_WARN_NON_LITERAL_NULL_CONVERSION = YES;
				CLANG_WARN_OBJC_IMPLICIT_RETAIN_SELF = YES;
				CLANG_WARN_OBJC_LITERAL_CONVERSION = YES;
				CLANG_WARN_OBJC_ROOT_CLASS = YES_ERROR;
				CLANG_WARN_RANGE_LOOP_ANALYSIS = YES;
				CLANG_WARN_STRICT_PROTOTYPES = YES;
				CLANG_WARN_SUSPICIOUS_MOVE = YES;
				CLANG_WARN_UNGUARDED_AVAILABILITY = YES_AGGRESSIVE;
				CLANG_WARN_UNREACHABLE_CODE = YES;
				CLANG_WARN__DUPLICATE_METHOD_MATCH = YES;
				CODE_SIGN_IDENTITY = "iPhone Developer";
				COPY_PHASE_STRIP = NO;
				DEBUG_INFORMATION_FORMAT = "dwarf-with-dsym";
				ENABLE_NS_ASSERTIONS = NO;
				ENABLE_STRICT_OBJC_MSGSEND = YES;
				GCC_C_LANGUAGE_STANDARD = gnu11;
				GCC_NO_COMMON_BLOCKS = YES;
				GCC_WARN_64_TO_32_BIT_CONVERSION = YES;
				GCC_WARN_ABOUT_RETURN_TYPE = YES_ERROR;
				GCC_WARN_UNDECLARED_SELECTOR = YES;
				GCC_WARN_UNINITIALIZED_AUTOS = YES_AGGRESSIVE;
				GCC_WARN_UNUSED_FUNCTION = YES;
				GCC_WARN_UNUSED_VARIABLE = YES;
				IPHONEOS_DEPLOYMENT_TARGET = 12.1;
				MTL_ENABLE_DEBUG_INFO = NO;
				MTL_FAST_MATH = YES;
				SDKROOT = iphoneos;
				SWIFT_COMPILATION_MODE = wholemodule;
				SWIFT_OPTIMIZATION_LEVEL = "-O";
				VALIDATE_PRODUCT = YES;
			};
			name = Release;
		};
		EFEAAB4D21CD7568002CA590 /* Debug */ = {
			isa = XCBuildConfiguration;
			buildSettings = {
				ASSETCATALOG_COMPILER_APPICON_NAME = AppIcon;
				CODE_SIGN_STYLE = Automatic;
				DEVELOPMENT_TEAM = K7ARABM3ZH;
				FRAMEWORK_SEARCH_PATHS = (
					"$(inherited)",
					"$(PROJECT_DIR)/Carthage/Build/iOS",
				);
				INFOPLIST_FILE = omatpysakit/Info.plist;
				LD_RUNPATH_SEARCH_PATHS = (
					"$(inherited)",
					"@executable_path/Frameworks",
				);
				PRODUCT_BUNDLE_IDENTIFIER = jaine.omatpysakit;
				PRODUCT_NAME = "$(TARGET_NAME)";
				SWIFT_VERSION = 4.2;
				TARGETED_DEVICE_FAMILY = "1,2";
			};
			name = Debug;
		};
		EFEAAB4E21CD7568002CA590 /* Release */ = {
			isa = XCBuildConfiguration;
			buildSettings = {
				ASSETCATALOG_COMPILER_APPICON_NAME = AppIcon;
				CODE_SIGN_STYLE = Automatic;
				DEVELOPMENT_TEAM = K7ARABM3ZH;
				FRAMEWORK_SEARCH_PATHS = (
					"$(inherited)",
					"$(PROJECT_DIR)/Carthage/Build/iOS",
				);
				INFOPLIST_FILE = omatpysakit/Info.plist;
				LD_RUNPATH_SEARCH_PATHS = (
					"$(inherited)",
					"@executable_path/Frameworks",
				);
				PRODUCT_BUNDLE_IDENTIFIER = jaine.omatpysakit;
				PRODUCT_NAME = "$(TARGET_NAME)";
				SWIFT_VERSION = 4.2;
				TARGETED_DEVICE_FAMILY = "1,2";
			};
			name = Release;
		};
/* End XCBuildConfiguration section */

/* Begin XCConfigurationList section */
		EFEAAB3521CD7567002CA590 /* Build configuration list for PBXProject "omatpysakit" */ = {
			isa = XCConfigurationList;
			buildConfigurations = (
				EFEAAB4A21CD7568002CA590 /* Debug */,
				EFEAAB4B21CD7568002CA590 /* Release */,
			);
			defaultConfigurationIsVisible = 0;
			defaultConfigurationName = Release;
		};
		EFEAAB4C21CD7568002CA590 /* Build configuration list for PBXNativeTarget "omatpysakit" */ = {
			isa = XCConfigurationList;
			buildConfigurations = (
				EFEAAB4D21CD7568002CA590 /* Debug */,
				EFEAAB4E21CD7568002CA590 /* Release */,
			);
			defaultConfigurationIsVisible = 0;
			defaultConfigurationName = Release;
		};
/* End XCConfigurationList section */
	};
	rootObject = EFEAAB3221CD7567002CA590 /* Project object */;
}
